// !$*UTF8*$!
{
	archiveVersion = 1;
	classes = {
	};
	objectVersion = 56;
	objects = {

/* Begin PBXBuildFile section */
		C21DE5192927C516005394E2 /* LoginView.swift in Sources */ = {isa = PBXBuildFile; fileRef = C21DE5182927C516005394E2 /* LoginView.swift */; };
		C21DE51B292B530E005394E2 /* MainMenuView.swift in Sources */ = {isa = PBXBuildFile; fileRef = C21DE51A292B530E005394E2 /* MainMenuView.swift */; };
		C21DE51F292CC359005394E2 /* SessionCell.swift in Sources */ = {isa = PBXBuildFile; fileRef = C21DE51E292CC359005394E2 /* SessionCell.swift */; };
		C21DE521292CD4DE005394E2 /* NewSession.swift in Sources */ = {isa = PBXBuildFile; fileRef = C21DE520292CD4DE005394E2 /* NewSession.swift */; };
		C2215AE2292F5EDD0011A574 /* InstructorView.swift in Sources */ = {isa = PBXBuildFile; fileRef = C2215AE1292F5EDD0011A574 /* InstructorView.swift */; };
		C2215AE52931220A0011A574 /* LoginViewModel.swift in Sources */ = {isa = PBXBuildFile; fileRef = C2215AE42931220A0011A574 /* LoginViewModel.swift */; };
		C2215AEA29313C170011A574 /* KeychainAccess in Frameworks */ = {isa = PBXBuildFile; productRef = C2215AE929313C170011A574 /* KeychainAccess */; };
		C2215AEC29334E400011A574 /* Login.swift in Sources */ = {isa = PBXBuildFile; fileRef = C2215AEB29334E400011A574 /* Login.swift */; };
		C2215AEE29334EFE0011A574 /* APIService.swift in Sources */ = {isa = PBXBuildFile; fileRef = C2215AED29334EFE0011A574 /* APIService.swift */; };
		C2215AF12933CE540011A574 /* LoginService.swift in Sources */ = {isa = PBXBuildFile; fileRef = C2215AF02933CE540011A574 /* LoginService.swift */; };
		C2215AF42933D2580011A574 /* LoginResponse.swift in Sources */ = {isa = PBXBuildFile; fileRef = C2215AF32933D2580011A574 /* LoginResponse.swift */; };
		C2215AF6293761030011A574 /* MainMenuViewModel.swift in Sources */ = {isa = PBXBuildFile; fileRef = C2215AF5293761030011A574 /* MainMenuViewModel.swift */; };
		C2215AF82937D92F0011A574 /* Event.swift in Sources */ = {isa = PBXBuildFile; fileRef = C2215AF72937D92F0011A574 /* Event.swift */; };
		C2215AFA2937F4180011A574 /* Note.swift in Sources */ = {isa = PBXBuildFile; fileRef = C2215AF92937F4180011A574 /* Note.swift */; };
		C2215AFE293874EE0011A574 /* EventCell.swift in Sources */ = {isa = PBXBuildFile; fileRef = C2215AFD293874EE0011A574 /* EventCell.swift */; };
		C2215B00293898050011A574 /* InstructorViewModel.swift in Sources */ = {isa = PBXBuildFile; fileRef = C2215AFF293898050011A574 /* InstructorViewModel.swift */; };
		C2A6D64929698A9A002B6EF3 /* CustomAlert in Frameworks */ = {isa = PBXBuildFile; productRef = C2A6D64829698A9A002B6EF3 /* CustomAlert */; };
		C2A6D64B2969E7CD002B6EF3 /* PlayerView.swift in Sources */ = {isa = PBXBuildFile; fileRef = C2A6D64A2969E7CD002B6EF3 /* PlayerView.swift */; };
		C2A6D64D296D4BCF002B6EF3 /* RecordResponse.swift in Sources */ = {isa = PBXBuildFile; fileRef = C2A6D64C296D4BCF002B6EF3 /* RecordResponse.swift */; };
		C2A6D64F296D4BF4002B6EF3 /* RecordService.swift in Sources */ = {isa = PBXBuildFile; fileRef = C2A6D64E296D4BF4002B6EF3 /* RecordService.swift */; };
		C2A6D651296EA97F002B6EF3 /* testPlayer.swift in Sources */ = {isa = PBXBuildFile; fileRef = C2A6D650296EA97F002B6EF3 /* testPlayer.swift */; };
		C2A6D653296EBAD4002B6EF3 /* Record.swift in Sources */ = {isa = PBXBuildFile; fileRef = C2A6D652296EBAD4002B6EF3 /* Record.swift */; };
		C2C42FE3293E5B3D00DF9539 /* SplashScreenView.swift in Sources */ = {isa = PBXBuildFile; fileRef = C2C42FE2293E5B3D00DF9539 /* SplashScreenView.swift */; };
		C2C42FE5293E7B1B00DF9539 /* NetworkManager.swift in Sources */ = {isa = PBXBuildFile; fileRef = C2C42FE4293E7B1B00DF9539 /* NetworkManager.swift */; };
		C2C42FE7293E7FF100DF9539 /* LoginComponent.swift in Sources */ = {isa = PBXBuildFile; fileRef = C2C42FE6293E7FF100DF9539 /* LoginComponent.swift */; };
		C2C42FE9293E830500DF9539 /* NoConnectionView.swift in Sources */ = {isa = PBXBuildFile; fileRef = C2C42FE8293E830500DF9539 /* NoConnectionView.swift */; };
		C2C42FEB293E9E0D00DF9539 /* AuthenticationError.swift in Sources */ = {isa = PBXBuildFile; fileRef = C2C42FEA293E9E0D00DF9539 /* AuthenticationError.swift */; };
		C2C42FF92943C1C900DF9539 /* JWTDecode in Frameworks */ = {isa = PBXBuildFile; productRef = C2C42FF82943C1C900DF9539 /* JWTDecode */; };
		C2C42FFB29474EE800DF9539 /* MainMenuService.swift in Sources */ = {isa = PBXBuildFile; fileRef = C2C42FFA29474EE800DF9539 /* MainMenuService.swift */; };
		C2C42FFD29475BE900DF9539 /* Session.swift in Sources */ = {isa = PBXBuildFile; fileRef = C2C42FFC29475BE900DF9539 /* Session.swift */; };
		C2C42FFF29475D2B00DF9539 /* MainMenuResponse.swift in Sources */ = {isa = PBXBuildFile; fileRef = C2C42FFE29475D2B00DF9539 /* MainMenuResponse.swift */; };
		C2C430022948697A00DF9539 /* ApiError.swift in Sources */ = {isa = PBXBuildFile; fileRef = C2C430012948697A00DF9539 /* ApiError.swift */; };
		C2C430042949C28000DF9539 /* User.swift in Sources */ = {isa = PBXBuildFile; fileRef = C2C430032949C28000DF9539 /* User.swift */; };
		C2C43006294B415500DF9539 /* RatingCell.swift in Sources */ = {isa = PBXBuildFile; fileRef = C2C43005294B415500DF9539 /* RatingCell.swift */; };
		C2C43008294F0F1700DF9539 /* TimerCell.swift in Sources */ = {isa = PBXBuildFile; fileRef = C2C43007294F0F1700DF9539 /* TimerCell.swift */; };
		C2C748FB2924F17000876417 /* VRefSolution_ios_appApp.swift in Sources */ = {isa = PBXBuildFile; fileRef = C2C748FA2924F17000876417 /* VRefSolution_ios_appApp.swift */; };
		C2C748FD2924F17000876417 /* ContentView.swift in Sources */ = {isa = PBXBuildFile; fileRef = C2C748FC2924F17000876417 /* ContentView.swift */; };
		C2C748FF2924F17100876417 /* Assets.xcassets in Resources */ = {isa = PBXBuildFile; fileRef = C2C748FE2924F17100876417 /* Assets.xcassets */; };
		C2C749022924F17100876417 /* Preview Assets.xcassets in Resources */ = {isa = PBXBuildFile; fileRef = C2C749012924F17100876417 /* Preview Assets.xcassets */; };
		C2DC8FB22966004100F5DB5C /* EventService.swift in Sources */ = {isa = PBXBuildFile; fileRef = C2DC8FB12966004100F5DB5C /* EventService.swift */; };
		C2DC8FB42966CA7600F5DB5C /* EventResponse.swift in Sources */ = {isa = PBXBuildFile; fileRef = C2DC8FB32966CA7600F5DB5C /* EventResponse.swift */; };
		C2DC8FB62968017700F5DB5C /* ReviewView.swift in Sources */ = {isa = PBXBuildFile; fileRef = C2DC8FB52968017700F5DB5C /* ReviewView.swift */; };
		C2DC8FB82968061800F5DB5C /* ReviewViewModel.swift in Sources */ = {isa = PBXBuildFile; fileRef = C2DC8FB72968061800F5DB5C /* ReviewViewModel.swift */; };
		C2DC8FBA296895B500F5DB5C /* StreamingService.swift in Sources */ = {isa = PBXBuildFile; fileRef = C2DC8FB9296895B500F5DB5C /* StreamingService.swift */; };
		C2DC8FBC2968962D00F5DB5C /* LiveEvent.swift in Sources */ = {isa = PBXBuildFile; fileRef = C2DC8FBB2968962D00F5DB5C /* LiveEvent.swift */; };
		C2DC8FBE2968975100F5DB5C /* StreamingAsset.swift in Sources */ = {isa = PBXBuildFile; fileRef = C2DC8FBD2968975100F5DB5C /* StreamingAsset.swift */; };
		C2DC8FC029689B0100F5DB5C /* StreamingResponse.swift in Sources */ = {isa = PBXBuildFile; fileRef = C2DC8FBF29689B0100F5DB5C /* StreamingResponse.swift */; };
		C2F22D98295C79CF00538FEE /* DateParser.swift in Sources */ = {isa = PBXBuildFile; fileRef = C2F22D97295C79CF00538FEE /* DateParser.swift */; };
		C2F22D9A2961902D00538FEE /* ReviewSession.swift in Sources */ = {isa = PBXBuildFile; fileRef = C2F22D992961902D00538FEE /* ReviewSession.swift */; };
		C2F22D9C29642D7B00538FEE /* SessionService.swift in Sources */ = {isa = PBXBuildFile; fileRef = C2F22D9B29642D7B00538FEE /* SessionService.swift */; };
		C2F22D9E296430EE00538FEE /* SessionResponse.swift in Sources */ = {isa = PBXBuildFile; fileRef = C2F22D9D296430EE00538FEE /* SessionResponse.swift */; };
		C2F22DA02965BD0100538FEE /* VideoService.swift in Sources */ = {isa = PBXBuildFile; fileRef = C2F22D9F2965BD0100538FEE /* VideoService.swift */; };
		C2F22DA22965C06C00538FEE /* Video.swift in Sources */ = {isa = PBXBuildFile; fileRef = C2F22DA12965C06C00538FEE /* Video.swift */; };
		C2F22DA42965C1F000538FEE /* VideoResponse.swift in Sources */ = {isa = PBXBuildFile; fileRef = C2F22DA32965C1F000538FEE /* VideoResponse.swift */; };
/* End PBXBuildFile section */

/* Begin PBXFileReference section */
		C21DE5182927C516005394E2 /* LoginView.swift */ = {isa = PBXFileReference; lastKnownFileType = sourcecode.swift; path = LoginView.swift; sourceTree = "<group>"; };
		C21DE51A292B530E005394E2 /* MainMenuView.swift */ = {isa = PBXFileReference; lastKnownFileType = sourcecode.swift; path = MainMenuView.swift; sourceTree = "<group>"; };
		C21DE51E292CC359005394E2 /* SessionCell.swift */ = {isa = PBXFileReference; lastKnownFileType = sourcecode.swift; path = SessionCell.swift; sourceTree = "<group>"; };
		C21DE520292CD4DE005394E2 /* NewSession.swift */ = {isa = PBXFileReference; lastKnownFileType = sourcecode.swift; path = NewSession.swift; sourceTree = "<group>"; };
		C2215AE1292F5EDD0011A574 /* InstructorView.swift */ = {isa = PBXFileReference; lastKnownFileType = sourcecode.swift; path = InstructorView.swift; sourceTree = "<group>"; };
		C2215AE42931220A0011A574 /* LoginViewModel.swift */ = {isa = PBXFileReference; lastKnownFileType = sourcecode.swift; path = LoginViewModel.swift; sourceTree = "<group>"; };
		C2215AEB29334E400011A574 /* Login.swift */ = {isa = PBXFileReference; lastKnownFileType = sourcecode.swift; path = Login.swift; sourceTree = "<group>"; };
		C2215AED29334EFE0011A574 /* APIService.swift */ = {isa = PBXFileReference; lastKnownFileType = sourcecode.swift; path = APIService.swift; sourceTree = "<group>"; };
		C2215AF02933CE540011A574 /* LoginService.swift */ = {isa = PBXFileReference; lastKnownFileType = sourcecode.swift; path = LoginService.swift; sourceTree = "<group>"; };
		C2215AF32933D2580011A574 /* LoginResponse.swift */ = {isa = PBXFileReference; lastKnownFileType = sourcecode.swift; path = LoginResponse.swift; sourceTree = "<group>"; };
		C2215AF5293761030011A574 /* MainMenuViewModel.swift */ = {isa = PBXFileReference; lastKnownFileType = sourcecode.swift; path = MainMenuViewModel.swift; sourceTree = "<group>"; };
		C2215AF72937D92F0011A574 /* Event.swift */ = {isa = PBXFileReference; lastKnownFileType = sourcecode.swift; path = Event.swift; sourceTree = "<group>"; };
		C2215AF92937F4180011A574 /* Note.swift */ = {isa = PBXFileReference; lastKnownFileType = sourcecode.swift; path = Note.swift; sourceTree = "<group>"; };
		C2215AFD293874EE0011A574 /* EventCell.swift */ = {isa = PBXFileReference; lastKnownFileType = sourcecode.swift; path = EventCell.swift; sourceTree = "<group>"; };
		C2215AFF293898050011A574 /* InstructorViewModel.swift */ = {isa = PBXFileReference; lastKnownFileType = sourcecode.swift; path = InstructorViewModel.swift; sourceTree = "<group>"; };
		C2A6D64A2969E7CD002B6EF3 /* PlayerView.swift */ = {isa = PBXFileReference; lastKnownFileType = sourcecode.swift; path = PlayerView.swift; sourceTree = "<group>"; };
		C2A6D64C296D4BCF002B6EF3 /* RecordResponse.swift */ = {isa = PBXFileReference; lastKnownFileType = sourcecode.swift; path = RecordResponse.swift; sourceTree = "<group>"; };
		C2A6D64E296D4BF4002B6EF3 /* RecordService.swift */ = {isa = PBXFileReference; lastKnownFileType = sourcecode.swift; path = RecordService.swift; sourceTree = "<group>"; };
		C2A6D650296EA97F002B6EF3 /* testPlayer.swift */ = {isa = PBXFileReference; lastKnownFileType = sourcecode.swift; path = testPlayer.swift; sourceTree = "<group>"; };
		C2A6D652296EBAD4002B6EF3 /* Record.swift */ = {isa = PBXFileReference; lastKnownFileType = sourcecode.swift; path = Record.swift; sourceTree = "<group>"; };
		C2C42FE2293E5B3D00DF9539 /* SplashScreenView.swift */ = {isa = PBXFileReference; lastKnownFileType = sourcecode.swift; path = SplashScreenView.swift; sourceTree = "<group>"; };
		C2C42FE4293E7B1B00DF9539 /* NetworkManager.swift */ = {isa = PBXFileReference; lastKnownFileType = sourcecode.swift; path = NetworkManager.swift; sourceTree = "<group>"; };
		C2C42FE6293E7FF100DF9539 /* LoginComponent.swift */ = {isa = PBXFileReference; lastKnownFileType = sourcecode.swift; path = LoginComponent.swift; sourceTree = "<group>"; };
		C2C42FE8293E830500DF9539 /* NoConnectionView.swift */ = {isa = PBXFileReference; lastKnownFileType = sourcecode.swift; path = NoConnectionView.swift; sourceTree = "<group>"; };
		C2C42FEA293E9E0D00DF9539 /* AuthenticationError.swift */ = {isa = PBXFileReference; lastKnownFileType = sourcecode.swift; path = AuthenticationError.swift; sourceTree = "<group>"; };
		C2C42FFA29474EE800DF9539 /* MainMenuService.swift */ = {isa = PBXFileReference; lastKnownFileType = sourcecode.swift; path = MainMenuService.swift; sourceTree = "<group>"; };
		C2C42FFC29475BE900DF9539 /* Session.swift */ = {isa = PBXFileReference; lastKnownFileType = sourcecode.swift; path = Session.swift; sourceTree = "<group>"; };
		C2C42FFE29475D2B00DF9539 /* MainMenuResponse.swift */ = {isa = PBXFileReference; lastKnownFileType = sourcecode.swift; path = MainMenuResponse.swift; sourceTree = "<group>"; };
		C2C430012948697A00DF9539 /* ApiError.swift */ = {isa = PBXFileReference; lastKnownFileType = sourcecode.swift; path = ApiError.swift; sourceTree = "<group>"; };
		C2C430032949C28000DF9539 /* User.swift */ = {isa = PBXFileReference; lastKnownFileType = sourcecode.swift; path = User.swift; sourceTree = "<group>"; };
		C2C43005294B415500DF9539 /* RatingCell.swift */ = {isa = PBXFileReference; lastKnownFileType = sourcecode.swift; path = RatingCell.swift; sourceTree = "<group>"; };
		C2C43007294F0F1700DF9539 /* TimerCell.swift */ = {isa = PBXFileReference; lastKnownFileType = sourcecode.swift; path = TimerCell.swift; sourceTree = "<group>"; };
		C2C748F72924F17000876417 /* VRefSolution ios app.app */ = {isa = PBXFileReference; explicitFileType = wrapper.application; includeInIndex = 0; path = "VRefSolution ios app.app"; sourceTree = BUILT_PRODUCTS_DIR; };
		C2C748FA2924F17000876417 /* VRefSolution_ios_appApp.swift */ = {isa = PBXFileReference; lastKnownFileType = sourcecode.swift; path = VRefSolution_ios_appApp.swift; sourceTree = "<group>"; };
		C2C748FC2924F17000876417 /* ContentView.swift */ = {isa = PBXFileReference; lastKnownFileType = sourcecode.swift; lineEnding = 0; path = ContentView.swift; sourceTree = "<group>"; };
		C2C748FE2924F17100876417 /* Assets.xcassets */ = {isa = PBXFileReference; lastKnownFileType = folder.assetcatalog; path = Assets.xcassets; sourceTree = "<group>"; };
		C2C749012924F17100876417 /* Preview Assets.xcassets */ = {isa = PBXFileReference; lastKnownFileType = folder.assetcatalog; path = "Preview Assets.xcassets"; sourceTree = "<group>"; };
		C2DC8FB12966004100F5DB5C /* EventService.swift */ = {isa = PBXFileReference; lastKnownFileType = sourcecode.swift; path = EventService.swift; sourceTree = "<group>"; };
		C2DC8FB32966CA7600F5DB5C /* EventResponse.swift */ = {isa = PBXFileReference; lastKnownFileType = sourcecode.swift; path = EventResponse.swift; sourceTree = "<group>"; };
		C2DC8FB52968017700F5DB5C /* ReviewView.swift */ = {isa = PBXFileReference; lastKnownFileType = sourcecode.swift; path = ReviewView.swift; sourceTree = "<group>"; };
		C2DC8FB72968061800F5DB5C /* ReviewViewModel.swift */ = {isa = PBXFileReference; lastKnownFileType = sourcecode.swift; path = ReviewViewModel.swift; sourceTree = "<group>"; };
		C2DC8FB9296895B500F5DB5C /* StreamingService.swift */ = {isa = PBXFileReference; lastKnownFileType = sourcecode.swift; path = StreamingService.swift; sourceTree = "<group>"; };
		C2DC8FBB2968962D00F5DB5C /* LiveEvent.swift */ = {isa = PBXFileReference; lastKnownFileType = sourcecode.swift; path = LiveEvent.swift; sourceTree = "<group>"; };
		C2DC8FBD2968975100F5DB5C /* StreamingAsset.swift */ = {isa = PBXFileReference; lastKnownFileType = sourcecode.swift; path = StreamingAsset.swift; sourceTree = "<group>"; };
		C2DC8FBF29689B0100F5DB5C /* StreamingResponse.swift */ = {isa = PBXFileReference; lastKnownFileType = sourcecode.swift; path = StreamingResponse.swift; sourceTree = "<group>"; };
		C2F22D97295C79CF00538FEE /* DateParser.swift */ = {isa = PBXFileReference; lastKnownFileType = sourcecode.swift; path = DateParser.swift; sourceTree = "<group>"; };
		C2F22D992961902D00538FEE /* ReviewSession.swift */ = {isa = PBXFileReference; lastKnownFileType = sourcecode.swift; path = ReviewSession.swift; sourceTree = "<group>"; };
		C2F22D9B29642D7B00538FEE /* SessionService.swift */ = {isa = PBXFileReference; lastKnownFileType = sourcecode.swift; path = SessionService.swift; sourceTree = "<group>"; };
		C2F22D9D296430EE00538FEE /* SessionResponse.swift */ = {isa = PBXFileReference; lastKnownFileType = sourcecode.swift; path = SessionResponse.swift; sourceTree = "<group>"; };
		C2F22D9F2965BD0100538FEE /* VideoService.swift */ = {isa = PBXFileReference; lastKnownFileType = sourcecode.swift; path = VideoService.swift; sourceTree = "<group>"; };
		C2F22DA12965C06C00538FEE /* Video.swift */ = {isa = PBXFileReference; lastKnownFileType = sourcecode.swift; path = Video.swift; sourceTree = "<group>"; };
		C2F22DA32965C1F000538FEE /* VideoResponse.swift */ = {isa = PBXFileReference; lastKnownFileType = sourcecode.swift; path = VideoResponse.swift; sourceTree = "<group>"; };
/* End PBXFileReference section */

/* Begin PBXFrameworksBuildPhase section */
		C2C748F42924F17000876417 /* Frameworks */ = {
			isa = PBXFrameworksBuildPhase;
			buildActionMask = 2147483647;
			files = (
				C2C42FF92943C1C900DF9539 /* JWTDecode in Frameworks */,
				C2A6D64929698A9A002B6EF3 /* CustomAlert in Frameworks */,
				C2215AEA29313C170011A574 /* KeychainAccess in Frameworks */,
			);
			runOnlyForDeploymentPostprocessing = 0;
		};
/* End PBXFrameworksBuildPhase section */

/* Begin PBXGroup section */
		C2215AE32931218E0011A574 /* Viewmodel */ = {
			isa = PBXGroup;
			children = (
				C2215AE42931220A0011A574 /* LoginViewModel.swift */,
				C2215AF5293761030011A574 /* MainMenuViewModel.swift */,
				C2215AFF293898050011A574 /* InstructorViewModel.swift */,
				C2DC8FB72968061800F5DB5C /* ReviewViewModel.swift */,
			);
			path = Viewmodel;
			sourceTree = "<group>";
		};
		C2215AEF293350550011A574 /* Utilities */ = {
			isa = PBXGroup;
			children = (
				C2C42FE4293E7B1B00DF9539 /* NetworkManager.swift */,
				C2F22D97295C79CF00538FEE /* DateParser.swift */,
			);
			path = Utilities;
			sourceTree = "<group>";
		};
		C2215AF22933D2290011A574 /* Entities */ = {
			isa = PBXGroup;
			children = (
				C2215AF32933D2580011A574 /* LoginResponse.swift */,
				C2C42FFE29475D2B00DF9539 /* MainMenuResponse.swift */,
				C2F22D9D296430EE00538FEE /* SessionResponse.swift */,
				C2F22DA32965C1F000538FEE /* VideoResponse.swift */,
				C2DC8FB32966CA7600F5DB5C /* EventResponse.swift */,
				C2DC8FBF29689B0100F5DB5C /* StreamingResponse.swift */,
				C2A6D64C296D4BCF002B6EF3 /* RecordResponse.swift */,
			);
			path = Entities;
			sourceTree = "<group>";
		};
		C2550FF629257A440032423F /* Service */ = {
			isa = PBXGroup;
			children = (
				C2215AF22933D2290011A574 /* Entities */,
				C2215AED29334EFE0011A574 /* APIService.swift */,
				C2215AF02933CE540011A574 /* LoginService.swift */,
				C2C42FFA29474EE800DF9539 /* MainMenuService.swift */,
				C2F22D9B29642D7B00538FEE /* SessionService.swift */,
				C2F22D9F2965BD0100538FEE /* VideoService.swift */,
				C2DC8FB12966004100F5DB5C /* EventService.swift */,
				C2DC8FB9296895B500F5DB5C /* StreamingService.swift */,
				C2A6D64E296D4BF4002B6EF3 /* RecordService.swift */,
			);
			path = Service;
			sourceTree = "<group>";
		};
		C2550FF729257A570032423F /* Model */ = {
			isa = PBXGroup;
			children = (
				C2C43000294868DF00DF9539 /* ErrorTypes */,
				C2215AEB29334E400011A574 /* Login.swift */,
				C2215AF72937D92F0011A574 /* Event.swift */,
				C2215AF92937F4180011A574 /* Note.swift */,
				C2C42FFC29475BE900DF9539 /* Session.swift */,
				C2C430032949C28000DF9539 /* User.swift */,
				C2F22DA12965C06C00538FEE /* Video.swift */,
				C2DC8FBB2968962D00F5DB5C /* LiveEvent.swift */,
				C2DC8FBD2968975100F5DB5C /* StreamingAsset.swift */,
				C2A6D652296EBAD4002B6EF3 /* Record.swift */,
			);
			path = Model;
			sourceTree = "<group>";
		};
		C2550FF829257A650032423F /* View */ = {
			isa = PBXGroup;
			children = (
				C2550FF929257E270032423F /* Components */,
				C2550FFA29257E470032423F /* Screens */,
				C2C748FC2924F17000876417 /* ContentView.swift */,
			);
			path = View;
			sourceTree = "<group>";
		};
		C2550FF929257E270032423F /* Components */ = {
			isa = PBXGroup;
			children = (
				C21DE51E292CC359005394E2 /* SessionCell.swift */,
				C21DE520292CD4DE005394E2 /* NewSession.swift */,
				C2215AFD293874EE0011A574 /* EventCell.swift */,
				C2C42FE6293E7FF100DF9539 /* LoginComponent.swift */,
				C2C43005294B415500DF9539 /* RatingCell.swift */,
				C2C43007294F0F1700DF9539 /* TimerCell.swift */,
				C2F22D992961902D00538FEE /* ReviewSession.swift */,
				C2A6D64A2969E7CD002B6EF3 /* PlayerView.swift */,
			);
			path = Components;
			sourceTree = "<group>";
		};
		C2550FFA29257E470032423F /* Screens */ = {
			isa = PBXGroup;
			children = (
				C21DE5182927C516005394E2 /* LoginView.swift */,
				C21DE51A292B530E005394E2 /* MainMenuView.swift */,
				C2215AE1292F5EDD0011A574 /* InstructorView.swift */,
				C2C42FE2293E5B3D00DF9539 /* SplashScreenView.swift */,
				C2C42FE8293E830500DF9539 /* NoConnectionView.swift */,
				C2DC8FB52968017700F5DB5C /* ReviewView.swift */,
				C2A6D650296EA97F002B6EF3 /* testPlayer.swift */,
			);
			path = Screens;
			sourceTree = "<group>";
		};
		C2C43000294868DF00DF9539 /* ErrorTypes */ = {
			isa = PBXGroup;
			children = (
				C2C42FEA293E9E0D00DF9539 /* AuthenticationError.swift */,
				C2C430012948697A00DF9539 /* ApiError.swift */,
			);
			path = ErrorTypes;
			sourceTree = "<group>";
		};
		C2C748EE2924F17000876417 = {
			isa = PBXGroup;
			children = (
				C2C748F92924F17000876417 /* VRefSolution ios app */,
				C2C748F82924F17000876417 /* Products */,
			);
			sourceTree = "<group>";
		};
		C2C748F82924F17000876417 /* Products */ = {
			isa = PBXGroup;
			children = (
				C2C748F72924F17000876417 /* VRefSolution ios app.app */,
			);
			name = Products;
			sourceTree = "<group>";
		};
		C2C748F92924F17000876417 /* VRefSolution ios app */ = {
			isa = PBXGroup;
			children = (
				C2215AEF293350550011A574 /* Utilities */,
				C2550FF629257A440032423F /* Service */,
				C2550FF729257A570032423F /* Model */,
				C2215AE32931218E0011A574 /* Viewmodel */,
				C2550FF829257A650032423F /* View */,
				C2C748FA2924F17000876417 /* VRefSolution_ios_appApp.swift */,
				C2C748FE2924F17100876417 /* Assets.xcassets */,
				C2C749002924F17100876417 /* Preview Content */,
			);
			path = "VRefSolution ios app";
			sourceTree = "<group>";
		};
		C2C749002924F17100876417 /* Preview Content */ = {
			isa = PBXGroup;
			children = (
				C2C749012924F17100876417 /* Preview Assets.xcassets */,
			);
			path = "Preview Content";
			sourceTree = "<group>";
		};
/* End PBXGroup section */

/* Begin PBXNativeTarget section */
		C2C748F62924F17000876417 /* VRefSolution ios app */ = {
			isa = PBXNativeTarget;
			buildConfigurationList = C2C749052924F17100876417 /* Build configuration list for PBXNativeTarget "VRefSolution ios app" */;
			buildPhases = (
				C2C748F32924F17000876417 /* Sources */,
				C2C748F42924F17000876417 /* Frameworks */,
				C2C748F52924F17000876417 /* Resources */,
			);
			buildRules = (
			);
			dependencies = (
			);
			name = "VRefSolution ios app";
			packageProductDependencies = (
				C2215AE929313C170011A574 /* KeychainAccess */,
				C2C42FF82943C1C900DF9539 /* JWTDecode */,
				C2A6D64829698A9A002B6EF3 /* CustomAlert */,
			);
			productName = "VRefSolution ios app";
			productReference = C2C748F72924F17000876417 /* VRefSolution ios app.app */;
			productType = "com.apple.product-type.application";
		};
/* End PBXNativeTarget section */

/* Begin PBXProject section */
		C2C748EF2924F17000876417 /* Project object */ = {
			isa = PBXProject;
			attributes = {
				BuildIndependentTargetsInParallel = 1;
				LastSwiftUpdateCheck = 1410;
				LastUpgradeCheck = 1410;
				TargetAttributes = {
					C2C748F62924F17000876417 = {
						CreatedOnToolsVersion = 14.1;
					};
				};
			};
			buildConfigurationList = C2C748F22924F17000876417 /* Build configuration list for PBXProject "VRefSolution ios app" */;
			compatibilityVersion = "Xcode 14.0";
			developmentRegion = en;
			hasScannedForEncodings = 0;
			knownRegions = (
				en,
				Base,
			);
			mainGroup = C2C748EE2924F17000876417;
			packageReferences = (
				C2215AE829313C170011A574 /* XCRemoteSwiftPackageReference "KeychainAccess" */,
				C2C42FF72943C1C900DF9539 /* XCRemoteSwiftPackageReference "JWTDecode" */,
				C2A6D64729698A9A002B6EF3 /* XCRemoteSwiftPackageReference "CustomAlert" */,
			);
			productRefGroup = C2C748F82924F17000876417 /* Products */;
			projectDirPath = "";
			projectRoot = "";
			targets = (
				C2C748F62924F17000876417 /* VRefSolution ios app */,
			);
		};
/* End PBXProject section */

/* Begin PBXResourcesBuildPhase section */
		C2C748F52924F17000876417 /* Resources */ = {
			isa = PBXResourcesBuildPhase;
			buildActionMask = 2147483647;
			files = (
				C2C749022924F17100876417 /* Preview Assets.xcassets in Resources */,
				C2C748FF2924F17100876417 /* Assets.xcassets in Resources */,
			);
			runOnlyForDeploymentPostprocessing = 0;
		};
/* End PBXResourcesBuildPhase section */

/* Begin PBXSourcesBuildPhase section */
		C2C748F32924F17000876417 /* Sources */ = {
			isa = PBXSourcesBuildPhase;
			buildActionMask = 2147483647;
			files = (
				C2C42FE5293E7B1B00DF9539 /* NetworkManager.swift in Sources */,
				C21DE5192927C516005394E2 /* LoginView.swift in Sources */,
				C2C42FFF29475D2B00DF9539 /* MainMenuResponse.swift in Sources */,
				C2C748FD2924F17000876417 /* ContentView.swift in Sources */,
				C2F22D9C29642D7B00538FEE /* SessionService.swift in Sources */,
				C2A6D64F296D4BF4002B6EF3 /* RecordService.swift in Sources */,
				C2215AF42933D2580011A574 /* LoginResponse.swift in Sources */,
				C21DE51F292CC359005394E2 /* SessionCell.swift in Sources */,
				C2A6D651296EA97F002B6EF3 /* testPlayer.swift in Sources */,
				C2DC8FB22966004100F5DB5C /* EventService.swift in Sources */,
				C2215AE2292F5EDD0011A574 /* InstructorView.swift in Sources */,
				C2C42FE9293E830500DF9539 /* NoConnectionView.swift in Sources */,
				C2215AFA2937F4180011A574 /* Note.swift in Sources */,
				C2215AE52931220A0011A574 /* LoginViewModel.swift in Sources */,
				C2F22D9E296430EE00538FEE /* SessionResponse.swift in Sources */,
				C2C42FFD29475BE900DF9539 /* Session.swift in Sources */,
				C2DC8FB82968061800F5DB5C /* ReviewViewModel.swift in Sources */,
				C21DE51B292B530E005394E2 /* MainMenuView.swift in Sources */,
				C2C42FEB293E9E0D00DF9539 /* AuthenticationError.swift in Sources */,
				C2215AF12933CE540011A574 /* LoginService.swift in Sources */,
				C2A6D64B2969E7CD002B6EF3 /* PlayerView.swift in Sources */,
				C2F22DA42965C1F000538FEE /* VideoResponse.swift in Sources */,
				C2215B00293898050011A574 /* InstructorViewModel.swift in Sources */,
				C2215AEE29334EFE0011A574 /* APIService.swift in Sources */,
				C2C42FE3293E5B3D00DF9539 /* SplashScreenView.swift in Sources */,
				C2F22DA22965C06C00538FEE /* Video.swift in Sources */,
				C2C43006294B415500DF9539 /* RatingCell.swift in Sources */,
				C2215AF6293761030011A574 /* MainMenuViewModel.swift in Sources */,
				C2F22DA02965BD0100538FEE /* VideoService.swift in Sources */,
				C2F22D9A2961902D00538FEE /* ReviewSession.swift in Sources */,
				C2215AEC29334E400011A574 /* Login.swift in Sources */,
				C2DC8FBA296895B500F5DB5C /* StreamingService.swift in Sources */,
				C2A6D653296EBAD4002B6EF3 /* Record.swift in Sources */,
				C2C430042949C28000DF9539 /* User.swift in Sources */,
				C2C42FE7293E7FF100DF9539 /* LoginComponent.swift in Sources */,
				C2C42FFB29474EE800DF9539 /* MainMenuService.swift in Sources */,
				C2A6D64D296D4BCF002B6EF3 /* RecordResponse.swift in Sources */,
				C2215AFE293874EE0011A574 /* EventCell.swift in Sources */,
				C2DC8FBE2968975100F5DB5C /* StreamingAsset.swift in Sources */,
				C2DC8FB62968017700F5DB5C /* ReviewView.swift in Sources */,
				C2C430022948697A00DF9539 /* ApiError.swift in Sources */,
				C2C748FB2924F17000876417 /* VRefSolution_ios_appApp.swift in Sources */,
				C2DC8FBC2968962D00F5DB5C /* LiveEvent.swift in Sources */,
				C2DC8FB42966CA7600F5DB5C /* EventResponse.swift in Sources */,
				C2215AF82937D92F0011A574 /* Event.swift in Sources */,
				C2F22D98295C79CF00538FEE /* DateParser.swift in Sources */,
				C21DE521292CD4DE005394E2 /* NewSession.swift in Sources */,
				C2C43008294F0F1700DF9539 /* TimerCell.swift in Sources */,
				C2DC8FC029689B0100F5DB5C /* StreamingResponse.swift in Sources */,
			);
			runOnlyForDeploymentPostprocessing = 0;
		};
/* End PBXSourcesBuildPhase section */

/* Begin XCBuildConfiguration section */
		C2C749032924F17100876417 /* Debug */ = {
			isa = XCBuildConfiguration;
			buildSettings = {
				ALWAYS_SEARCH_USER_PATHS = NO;
				CLANG_ANALYZER_NONNULL = YES;
				CLANG_ANALYZER_NUMBER_OBJECT_CONVERSION = YES_AGGRESSIVE;
				CLANG_CXX_LANGUAGE_STANDARD = "gnu++20";
				CLANG_ENABLE_MODULES = YES;
				CLANG_ENABLE_OBJC_ARC = YES;
				CLANG_ENABLE_OBJC_WEAK = YES;
				CLANG_WARN_BLOCK_CAPTURE_AUTORELEASING = YES;
				CLANG_WARN_BOOL_CONVERSION = YES;
				CLANG_WARN_COMMA = YES;
				CLANG_WARN_CONSTANT_CONVERSION = YES;
				CLANG_WARN_DEPRECATED_OBJC_IMPLEMENTATIONS = YES;
				CLANG_WARN_DIRECT_OBJC_ISA_USAGE = YES_ERROR;
				CLANG_WARN_DOCUMENTATION_COMMENTS = YES;
				CLANG_WARN_EMPTY_BODY = YES;
				CLANG_WARN_ENUM_CONVERSION = YES;
				CLANG_WARN_INFINITE_RECURSION = YES;
				CLANG_WARN_INT_CONVERSION = YES;
				CLANG_WARN_NON_LITERAL_NULL_CONVERSION = YES;
				CLANG_WARN_OBJC_IMPLICIT_RETAIN_SELF = YES;
				CLANG_WARN_OBJC_LITERAL_CONVERSION = YES;
				CLANG_WARN_OBJC_ROOT_CLASS = YES_ERROR;
				CLANG_WARN_QUOTED_INCLUDE_IN_FRAMEWORK_HEADER = YES;
				CLANG_WARN_RANGE_LOOP_ANALYSIS = YES;
				CLANG_WARN_STRICT_PROTOTYPES = YES;
				CLANG_WARN_SUSPICIOUS_MOVE = YES;
				CLANG_WARN_UNGUARDED_AVAILABILITY = YES_AGGRESSIVE;
				CLANG_WARN_UNREACHABLE_CODE = YES;
				CLANG_WARN__DUPLICATE_METHOD_MATCH = YES;
				COPY_PHASE_STRIP = NO;
				DEBUG_INFORMATION_FORMAT = dwarf;
				ENABLE_STRICT_OBJC_MSGSEND = YES;
				ENABLE_TESTABILITY = YES;
				GCC_C_LANGUAGE_STANDARD = gnu11;
				GCC_DYNAMIC_NO_PIC = NO;
				GCC_NO_COMMON_BLOCKS = YES;
				GCC_OPTIMIZATION_LEVEL = 0;
				GCC_PREPROCESSOR_DEFINITIONS = (
					"DEBUG=1",
					"$(inherited)",
				);
				GCC_WARN_64_TO_32_BIT_CONVERSION = YES;
				GCC_WARN_ABOUT_RETURN_TYPE = YES_ERROR;
				GCC_WARN_UNDECLARED_SELECTOR = YES;
				GCC_WARN_UNINITIALIZED_AUTOS = YES_AGGRESSIVE;
				GCC_WARN_UNUSED_FUNCTION = YES;
				GCC_WARN_UNUSED_VARIABLE = YES;
				IPHONEOS_DEPLOYMENT_TARGET = 16.0;
				MTL_ENABLE_DEBUG_INFO = INCLUDE_SOURCE;
				MTL_FAST_MATH = YES;
				ONLY_ACTIVE_ARCH = YES;
				SDKROOT = iphoneos;
				SWIFT_ACTIVE_COMPILATION_CONDITIONS = DEBUG;
				SWIFT_OPTIMIZATION_LEVEL = "-Onone";
			};
			name = Debug;
		};
		C2C749042924F17100876417 /* Release */ = {
			isa = XCBuildConfiguration;
			buildSettings = {
				ALWAYS_SEARCH_USER_PATHS = NO;
				CLANG_ANALYZER_NONNULL = YES;
				CLANG_ANALYZER_NUMBER_OBJECT_CONVERSION = YES_AGGRESSIVE;
				CLANG_CXX_LANGUAGE_STANDARD = "gnu++20";
				CLANG_ENABLE_MODULES = YES;
				CLANG_ENABLE_OBJC_ARC = YES;
				CLANG_ENABLE_OBJC_WEAK = YES;
				CLANG_WARN_BLOCK_CAPTURE_AUTORELEASING = YES;
				CLANG_WARN_BOOL_CONVERSION = YES;
				CLANG_WARN_COMMA = YES;
				CLANG_WARN_CONSTANT_CONVERSION = YES;
				CLANG_WARN_DEPRECATED_OBJC_IMPLEMENTATIONS = YES;
				CLANG_WARN_DIRECT_OBJC_ISA_USAGE = YES_ERROR;
				CLANG_WARN_DOCUMENTATION_COMMENTS = YES;
				CLANG_WARN_EMPTY_BODY = YES;
				CLANG_WARN_ENUM_CONVERSION = YES;
				CLANG_WARN_INFINITE_RECURSION = YES;
				CLANG_WARN_INT_CONVERSION = YES;
				CLANG_WARN_NON_LITERAL_NULL_CONVERSION = YES;
				CLANG_WARN_OBJC_IMPLICIT_RETAIN_SELF = YES;
				CLANG_WARN_OBJC_LITERAL_CONVERSION = YES;
				CLANG_WARN_OBJC_ROOT_CLASS = YES_ERROR;
				CLANG_WARN_QUOTED_INCLUDE_IN_FRAMEWORK_HEADER = YES;
				CLANG_WARN_RANGE_LOOP_ANALYSIS = YES;
				CLANG_WARN_STRICT_PROTOTYPES = YES;
				CLANG_WARN_SUSPICIOUS_MOVE = YES;
				CLANG_WARN_UNGUARDED_AVAILABILITY = YES_AGGRESSIVE;
				CLANG_WARN_UNREACHABLE_CODE = YES;
				CLANG_WARN__DUPLICATE_METHOD_MATCH = YES;
				COPY_PHASE_STRIP = NO;
				DEBUG_INFORMATION_FORMAT = "dwarf-with-dsym";
				ENABLE_NS_ASSERTIONS = NO;
				ENABLE_STRICT_OBJC_MSGSEND = YES;
				GCC_C_LANGUAGE_STANDARD = gnu11;
				GCC_NO_COMMON_BLOCKS = YES;
				GCC_WARN_64_TO_32_BIT_CONVERSION = YES;
				GCC_WARN_ABOUT_RETURN_TYPE = YES_ERROR;
				GCC_WARN_UNDECLARED_SELECTOR = YES;
				GCC_WARN_UNINITIALIZED_AUTOS = YES_AGGRESSIVE;
				GCC_WARN_UNUSED_FUNCTION = YES;
				GCC_WARN_UNUSED_VARIABLE = YES;
				IPHONEOS_DEPLOYMENT_TARGET = 16.0;
				MTL_ENABLE_DEBUG_INFO = NO;
				MTL_FAST_MATH = YES;
				SDKROOT = iphoneos;
				SWIFT_COMPILATION_MODE = wholemodule;
				SWIFT_OPTIMIZATION_LEVEL = "-O";
				VALIDATE_PRODUCT = YES;
			};
			name = Release;
		};
		C2C749062924F17100876417 /* Debug */ = {
			isa = XCBuildConfiguration;
			buildSettings = {
				ASSETCATALOG_COMPILER_APPICON_NAME = AppIcon;
				ASSETCATALOG_COMPILER_GLOBAL_ACCENT_COLOR_NAME = AccentColor;
				CODE_SIGN_STYLE = Automatic;
				CURRENT_PROJECT_VERSION = 1;
				DEVELOPMENT_ASSET_PATHS = "\"VRefSolution ios app/Preview Content\"";
				ENABLE_PREVIEWS = YES;
				GENERATE_INFOPLIST_FILE = YES;
				INFOPLIST_KEY_UIApplicationSceneManifest_Generation = YES;
				INFOPLIST_KEY_UIApplicationSupportsIndirectInputEvents = YES;
				INFOPLIST_KEY_UILaunchScreen_Generation = YES;
				INFOPLIST_KEY_UIStatusBarStyle = "";
				INFOPLIST_KEY_UISupportedInterfaceOrientations = UIInterfaceOrientationLandscapeLeft;
				LD_RUNPATH_SEARCH_PATHS = (
					"$(inherited)",
					"@executable_path/Frameworks",
				);
				MARKETING_VERSION = 1.0;
				PRODUCT_BUNDLE_IDENTIFIER = "nl.inholland.VRefSolution-ios-app";
				PRODUCT_NAME = "$(TARGET_NAME)";
				SUPPORTED_PLATFORMS = "iphoneos iphonesimulator";
				SUPPORTS_MACCATALYST = NO;
				SUPPORTS_MAC_DESIGNED_FOR_IPHONE_IPAD = NO;
				SWIFT_EMIT_LOC_STRINGS = YES;
				SWIFT_VERSION = 5.0;
				TARGETED_DEVICE_FAMILY = 2;
			};
			name = Debug;
		};
		C2C749072924F17100876417 /* Release */ = {
			isa = XCBuildConfiguration;
			buildSettings = {
				ASSETCATALOG_COMPILER_APPICON_NAME = AppIcon;
				ASSETCATALOG_COMPILER_GLOBAL_ACCENT_COLOR_NAME = AccentColor;
				CODE_SIGN_STYLE = Automatic;
				CURRENT_PROJECT_VERSION = 1;
				DEVELOPMENT_ASSET_PATHS = "\"VRefSolution ios app/Preview Content\"";
				ENABLE_PREVIEWS = YES;
				GENERATE_INFOPLIST_FILE = YES;
				INFOPLIST_KEY_UIApplicationSceneManifest_Generation = YES;
				INFOPLIST_KEY_UIApplicationSupportsIndirectInputEvents = YES;
				INFOPLIST_KEY_UILaunchScreen_Generation = YES;
				INFOPLIST_KEY_UIStatusBarStyle = "";
				INFOPLIST_KEY_UISupportedInterfaceOrientations = UIInterfaceOrientationLandscapeLeft;
				LD_RUNPATH_SEARCH_PATHS = (
					"$(inherited)",
					"@executable_path/Frameworks",
				);
				MARKETING_VERSION = 1.0;
				PRODUCT_BUNDLE_IDENTIFIER = "nl.inholland.VRefSolution-ios-app";
				PRODUCT_NAME = "$(TARGET_NAME)";
				SUPPORTED_PLATFORMS = "iphoneos iphonesimulator";
				SUPPORTS_MACCATALYST = NO;
				SUPPORTS_MAC_DESIGNED_FOR_IPHONE_IPAD = NO;
				SWIFT_EMIT_LOC_STRINGS = YES;
				SWIFT_VERSION = 5.0;
				TARGETED_DEVICE_FAMILY = 2;
			};
			name = Release;
		};
/* End XCBuildConfiguration section */

/* Begin XCConfigurationList section */
		C2C748F22924F17000876417 /* Build configuration list for PBXProject "VRefSolution ios app" */ = {
			isa = XCConfigurationList;
			buildConfigurations = (
				C2C749032924F17100876417 /* Debug */,
				C2C749042924F17100876417 /* Release */,
			);
			defaultConfigurationIsVisible = 0;
			defaultConfigurationName = Release;
		};
		C2C749052924F17100876417 /* Build configuration list for PBXNativeTarget "VRefSolution ios app" */ = {
			isa = XCConfigurationList;
			buildConfigurations = (
				C2C749062924F17100876417 /* Debug */,
				C2C749072924F17100876417 /* Release */,
			);
			defaultConfigurationIsVisible = 0;
			defaultConfigurationName = Release;
		};
/* End XCConfigurationList section */

/* Begin XCRemoteSwiftPackageReference section */
		C2215AE829313C170011A574 /* XCRemoteSwiftPackageReference "KeychainAccess" */ = {
			isa = XCRemoteSwiftPackageReference;
			repositoryURL = "https://github.com/kishikawakatsumi/KeychainAccess";
			requirement = {
				kind = upToNextMajorVersion;
				minimumVersion = 4.2.2;
			};
		};
		C2A6D64729698A9A002B6EF3 /* XCRemoteSwiftPackageReference "CustomAlert" */ = {
			isa = XCRemoteSwiftPackageReference;
			repositoryURL = "https://github.com/divadretlaw/CustomAlert";
			requirement = {
				branch = main;
				kind = branch;
			};
		};
		C2C42FF72943C1C900DF9539 /* XCRemoteSwiftPackageReference "JWTDecode" */ = {
			isa = XCRemoteSwiftPackageReference;
			repositoryURL = "https://github.com/auth0/JWTDecode.swift";
			requirement = {
				kind = upToNextMajorVersion;
				minimumVersion = 3.0.0;
			};
		};
/* End XCRemoteSwiftPackageReference section */

/* Begin XCSwiftPackageProductDependency section */
		C2215AE929313C170011A574 /* KeychainAccess */ = {
			isa = XCSwiftPackageProductDependency;
			package = C2215AE829313C170011A574 /* XCRemoteSwiftPackageReference "KeychainAccess" */;
			productName = KeychainAccess;
		};
		C2A6D64829698A9A002B6EF3 /* CustomAlert */ = {
			isa = XCSwiftPackageProductDependency;
			package = C2A6D64729698A9A002B6EF3 /* XCRemoteSwiftPackageReference "CustomAlert" */;
			productName = CustomAlert;
		};
		C2C42FF82943C1C900DF9539 /* JWTDecode */ = {
			isa = XCSwiftPackageProductDependency;
			package = C2C42FF72943C1C900DF9539 /* XCRemoteSwiftPackageReference "JWTDecode" */;
			productName = JWTDecode;
		};
/* End XCSwiftPackageProductDependency section */
	};
	rootObject = C2C748EF2924F17000876417 /* Project object */;
}
